
Microsoft Visual Studio Solution File, Format Version 12.00
# Visual Studio Version 16
VisualStudioVersion = 16.0.30128.74
MinimumVisualStudioVersion = 10.0.40219.1
Project("{FAE04EC0-301F-11D3-BF4B-00C04F79EFBC}") = "TestClientWCF", "TestClientWCF\TestClientWCF.csproj", "{0B179220-744B-45F6-8945-8E55A060EBFF}"
EndProject
Global
	GlobalSection(SolutionConfigurationPlatforms) = preSolution
		Debug|Any CPU = Debug|Any CPU
		Release|Any CPU = Release|Any CPU
	EndGlobalSection
	GlobalSection(ProjectConfigurationPlatforms) = postSolution
		{0B179220-744B-45F6-8945-8E55A060EBFF}.Debug|Any CPU.ActiveCfg = Debug|Any CPU
		{0B179220-744B-45F6-8945-8E55A060EBFF}.Debug|Any CPU.Build.0 = Debug|Any CPU
		{0B179220-744B-45F6-8945-8E55A060EBFF}.Release|Any CPU.ActiveCfg = Release|Any CPU
		{0B179220-744B-45F6-8945-8E55A060EBFF}.Release|Any CPU.Build.0 = Release|Any CPU
	EndGlobalSection
	GlobalSection(SolutionProperties) = preSolution
		HideSolutionNode = FALSE
	EndGlobalSection
	GlobalSection(ExtensibilityGlobals) = postSolution
		SolutionGuid = {1CCB7EC3-6EBE-4D04-899C-6ABCE2F4F017}
	EndGlobalSection
EndGlobal
